
Microsoft Visual Studio Solution File, Format Version 12.00
# Visual Studio Version 17
VisualStudioVersion = 17.9.34607.119
MinimumVisualStudioVersion = 10.0.40219.1
Project("{9A19103F-16F7-4668-BE54-9A1E7A4F7556}") = "MovieBase.Api", "MovieBase.Api\MovieBase.Api.csproj", "{8E920EE8-5B9C-4E3A-A26F-03E9E3369C67}"
EndProject
Project("{9A19103F-16F7-4668-BE54-9A1E7A4F7556}") = "MovieBase.Common", "MovieBase.Common\MovieBase.Common.csproj", "{BB602820-7308-47DA-9233-00ECA883E4DE}"
EndProject
Project("{FAE04EC0-301F-11D3-BF4B-00C04F79EFBC}") = "MovieBase.ClientLib", "MovieBase.ClientLib\MovieBase.ClientLib.csproj", "{0BF6E052-2690-49AE-9535-8A0E76BC7629}"
EndProject
Project("{FAE04EC0-301F-11D3-BF4B-00C04F79EFBC}") = "MovieBase.Wpf", "MovieBase.Wpf\MovieBase.Wpf.csproj", "{D3A0B638-21A9-43DD-A812-1E2C0EC4950A}"
EndProject
Global
	GlobalSection(SolutionConfigurationPlatforms) = preSolution
		Debug|Any CPU = Debug|Any CPU
		Release|Any CPU = Release|Any CPU
	EndGlobalSection
	GlobalSection(ProjectConfigurationPlatforms) = postSolution
		{8E920EE8-5B9C-4E3A-A26F-03E9E3369C67}.Debug|Any CPU.ActiveCfg = Debug|Any CPU
		{8E920EE8-5B9C-4E3A-A26F-03E9E3369C67}.Debug|Any CPU.Build.0 = Debug|Any CPU
		{8E920EE8-5B9C-4E3A-A26F-03E9E3369C67}.Release|Any CPU.ActiveCfg = Release|Any CPU
		{8E920EE8-5B9C-4E3A-A26F-03E9E3369C67}.Release|Any CPU.Build.0 = Release|Any CPU
		{BB602820-7308-47DA-9233-00ECA883E4DE}.Debug|Any CPU.ActiveCfg = Debug|Any CPU
		{BB602820-7308-47DA-9233-00ECA883E4DE}.Debug|Any CPU.Build.0 = Debug|Any CPU
		{BB602820-7308-47DA-9233-00ECA883E4DE}.Release|Any CPU.ActiveCfg = Release|Any CPU
		{BB602820-7308-47DA-9233-00ECA883E4DE}.Release|Any CPU.Build.0 = Release|Any CPU
		{0BF6E052-2690-49AE-9535-8A0E76BC7629}.Debug|Any CPU.ActiveCfg = Debug|Any CPU
		{0BF6E052-2690-49AE-9535-8A0E76BC7629}.Debug|Any CPU.Build.0 = Debug|Any CPU
		{0BF6E052-2690-49AE-9535-8A0E76BC7629}.Release|Any CPU.ActiveCfg = Release|Any CPU
		{0BF6E052-2690-49AE-9535-8A0E76BC7629}.Release|Any CPU.Build.0 = Release|Any CPU
		{D3A0B638-21A9-43DD-A812-1E2C0EC4950A}.Debug|Any CPU.ActiveCfg = Debug|Any CPU
		{D3A0B638-21A9-43DD-A812-1E2C0EC4950A}.Debug|Any CPU.Build.0 = Debug|Any CPU
		{D3A0B638-21A9-43DD-A812-1E2C0EC4950A}.Release|Any CPU.ActiveCfg = Release|Any CPU
		{D3A0B638-21A9-43DD-A812-1E2C0EC4950A}.Release|Any CPU.Build.0 = Release|Any CPU
	EndGlobalSection
	GlobalSection(SolutionProperties) = preSolution
		HideSolutionNode = FALSE
	EndGlobalSection
	GlobalSection(ExtensibilityGlobals) = postSolution
		SolutionGuid = {16147026-735C-43D5-AF28-9C48729EB109}
	EndGlobalSection
EndGlobal
